
Microsoft Visual Studio Solution File, Format Version 12.00
# Visual Studio 15
VisualStudioVersion = 15.0.27428.2043
MinimumVisualStudioVersion = 10.0.40219.1
Project("{FAE04EC0-301F-11D3-BF4B-00C04F79EFBC}") = "Scheduler", "Scheduler\Scheduler.csproj", "{F4F7D67D-717A-431F-8464-75CFCE2F043C}"
EndProject
Project("{FAE04EC0-301F-11D3-BF4B-00C04F79EFBC}") = "Testing", "Testing\Testing.csproj", "{61C87593-2DCB-4CB0-B950-16275D532619}"
EndProject
Global
	GlobalSection(SolutionConfigurationPlatforms) = preSolution
		Debug|Any CPU = Debug|Any CPU
		Release|Any CPU = Release|Any CPU
	EndGlobalSection
	GlobalSection(ProjectConfigurationPlatforms) = postSolution
		{F4F7D67D-717A-431F-8464-75CFCE2F043C}.Debug|Any CPU.ActiveCfg = Debug|Any CPU
		{F4F7D67D-717A-431F-8464-75CFCE2F043C}.Debug|Any CPU.Build.0 = Debug|Any CPU
		{F4F7D67D-717A-431F-8464-75CFCE2F043C}.Release|Any CPU.ActiveCfg = Release|Any CPU
		{F4F7D67D-717A-431F-8464-75CFCE2F043C}.Release|Any CPU.Build.0 = Release|Any CPU
		{61C87593-2DCB-4CB0-B950-16275D532619}.Debug|Any CPU.ActiveCfg = Debug|Any CPU
		{61C87593-2DCB-4CB0-B950-16275D532619}.Debug|Any CPU.Build.0 = Debug|Any CPU
		{61C87593-2DCB-4CB0-B950-16275D532619}.Release|Any CPU.ActiveCfg = Release|Any CPU
		{61C87593-2DCB-4CB0-B950-16275D532619}.Release|Any CPU.Build.0 = Release|Any CPU
	EndGlobalSection
	GlobalSection(SolutionProperties) = preSolution
		HideSolutionNode = FALSE
	EndGlobalSection
	GlobalSection(ExtensibilityGlobals) = postSolution
		SolutionGuid = {A4383DFF-53D0-45E9-B4F9-C506649CDB5D}
	EndGlobalSection
EndGlobal
